// !$*UTF8*$!
{
	archiveVersion = 1;
	classes = {
	};
	objectVersion = 56;
	objects = {

/* Begin PBXFileReference section */
		90ABE3302D12852800AEFFBD /* index.html */ = {isa = PBXFileReference; lastKnownFileType = text.html; path = index.html; sourceTree = "<group>"; };
		90ABE3312D12852F00AEFFBD /* styles.css */ = {isa = PBXFileReference; lastKnownFileType = text.css; path = styles.css; sourceTree = "<group>"; };
/* End PBXFileReference section */

/* Begin PBXGroup section */
		90ABE3292D12852100AEFFBD = {
			isa = PBXGroup;
			children = (
				90ABE3312D12852F00AEFFBD /* styles.css */,
				90ABE3302D12852800AEFFBD /* index.html */,
			);
			sourceTree = "<group>";
		};
/* End PBXGroup section */

/* Begin PBXProject section */
		90ABE32A2D12852100AEFFBD /* Project object */ = {
			isa = PBXProject;
			attributes = {
				BuildIndependentTargetsInParallel = 1;
				LastUpgradeCheck = 1520;
			};
			buildConfigurationList = 90ABE32D2D12852100AEFFBD /* Build configuration list for PBXProject "Tribute Page" */;
			compatibilityVersion = "Xcode 14.0";
			developmentRegion = en;
			hasScannedForEncodings = 0;
			knownRegions = (
				en,
				Base,
			);
			mainGroup = 90ABE3292D12852100AEFFBD;
			projectDirPath = "";
			projectRoot = "";
			targets = (
			);
		};
/* End PBXProject section */

/* Begin XCBuildConfiguration section */
		90ABE32E2D12852100AEFFBD /* Debug */ = {
			isa = XCBuildConfiguration;
			buildSettings = {
			};
			name = Debug;
		};
		90ABE32F2D12852100AEFFBD /* Release */ = {
			isa = XCBuildConfiguration;
			buildSettings = {
			};
			name = Release;
		};
/* End XCBuildConfiguration section */

/* Begin XCConfigurationList section */
		90ABE32D2D12852100AEFFBD /* Build configuration list for PBXProject "Tribute Page" */ = {
			isa = XCConfigurationList;
			buildConfigurations = (
				90ABE32E2D12852100AEFFBD /* Debug */,
				90ABE32F2D12852100AEFFBD /* Release */,
			);
			defaultConfigurationIsVisible = 0;
			defaultConfigurationName = Release;
		};
/* End XCConfigurationList section */
	};
	rootObject = 90ABE32A2D12852100AEFFBD /* Project object */;
}
